{
  "version": 4,
  "terraform_version": "1.5.7",
  "serial": 4,
  "lineage": "9dc8d792-62ad-ea7b-7014-16dee00271e2",
  "outputs": {
    "elastic_ip": {
      "value": "3.36.206.157",
      "type": "string"
    },
    "instance_id": {
      "value": "i-04e42002581f302b7",
      "type": "string"
    },
    "instance_state": {
      "value": "running",
      "type": "string"
    },
    "public_ip": {
      "value": "3.39.24.237",
      "type": "string"
    },
    "ssh_command": {
      "value": "키 페어가 설정되지 않았습니다",
      "type": "string"
    }
  },
  "resources": [
    {
      "mode": "managed",
      "type": "aws_eip",
      "name": "training_eip",
      "provider": "provider[\"registry.terraform.io/hashicorp/aws\"]",
      "instances": [
        {
          "schema_version": 0,
          "attributes": {
            "address": null,
            "allocation_id": "eipalloc-0b7d23d7924ef346c",
            "associate_with_private_ip": null,
            "association_id": "eipassoc-012fad0382d156ead",
            "carrier_ip": "",
            "customer_owned_ip": "",
            "customer_owned_ipv4_pool": "",
            "domain": "vpc",
            "id": "eipalloc-0b7d23d7924ef346c",
            "instance": "i-04e42002581f302b7",
            "network_border_group": "ap-northeast-2",
            "network_interface": "eni-04adf3dbabd04a001",
            "private_dns": "ip-172-31-44-232.ap-northeast-2.compute.internal",
            "private_ip": "172.31.44.232",
            "public_dns": "ec2-3-36-206-157.ap-northeast-2.compute.amazonaws.com",
            "public_ip": "3.36.206.157",
            "public_ipv4_pool": "amazon",
            "tags": {
              "Name": "TerrformTrainingInstance-eip"
            },
            "tags_all": {
              "Course": "Terraform-3Day",
              "Environment": "Training",
              "ManagedBy": "Terraform",
              "Name": "TerrformTrainingInstance-eip"
            },
            "timeouts": null,
            "vpc": true
          },
          "sensitive_attributes": [],
          "private": "eyJlMmJmYjczMC1lY2FhLTExZTYtOGY4OC0zNDM2M2JjN2M0YzAiOnsiZGVsZXRlIjoxODAwMDAwMDAwMDAsInJlYWQiOjkwMDAwMDAwMDAwMCwidXBkYXRlIjozMDAwMDAwMDAwMDB9fQ==",
          "dependencies": [
            "aws_instance.training_instance",
            "aws_security_group.allow_ssh"
          ]
        }
      ]
    },
    {
      "mode": "managed",
      "type": "aws_instance",
      "name": "training_instance",
      "provider": "provider[\"registry.terraform.io/hashicorp/aws\"]",
      "instances": [
        {
          "schema_version": 1,
          "attributes": {
            "ami": "ami-0c9c942bd7bf113a2",
            "arn": "arn:aws:ec2:ap-northeast-2:017820689277:instance/i-04e42002581f302b7",
            "associate_public_ip_address": true,
            "availability_zone": "ap-northeast-2c",
            "capacity_reservation_specification": [
              {
                "capacity_reservation_preference": "open",
                "capacity_reservation_target": []
              }
            ],
            "cpu_core_count": 1,
            "cpu_options": [
              {
                "amd_sev_snp": "",
                "core_count": 1,
                "threads_per_core": 2
              }
            ],
            "cpu_threads_per_core": 2,
            "credit_specification": [
              {
                "cpu_credits": "unlimited"
              }
            ],
            "disable_api_stop": false,
            "disable_api_termination": false,
            "ebs_block_device": [],
            "ebs_optimized": false,
            "enclave_options": [
              {
                "enabled": false
              }
            ],
            "ephemeral_block_device": [],
            "get_password_data": false,
            "hibernation": false,
            "host_id": "",
            "host_resource_group_arn": null,
            "iam_instance_profile": "",
            "id": "i-04e42002581f302b7",
            "instance_initiated_shutdown_behavior": "stop",
            "instance_state": "running",
            "instance_type": "t3.micro",
            "ipv6_address_count": 0,
            "ipv6_addresses": [],
            "key_name": "",
            "launch_template": [],
            "maintenance_options": [
              {
                "auto_recovery": "default"
              }
            ],
            "metadata_options": [
              {
                "http_endpoint": "enabled",
                "http_put_response_hop_limit": 1,
                "http_tokens": "optional",
                "instance_metadata_tags": "disabled"
              }
            ],
            "monitoring": false,
            "network_interface": [],
            "outpost_arn": "",
            "password_data": "",
            "placement_group": "",
            "placement_partition_number": 0,
            "primary_network_interface_id": "eni-04adf3dbabd04a001",
            "private_dns": "ip-172-31-44-232.ap-northeast-2.compute.internal",
            "private_dns_name_options": [
              {
                "enable_resource_name_dns_a_record": false,
                "enable_resource_name_dns_aaaa_record": false,
                "hostname_type": "ip-name"
              }
            ],
            "private_ip": "172.31.44.232",
            "public_dns": "ec2-3-39-24-237.ap-northeast-2.compute.amazonaws.com",
            "public_ip": "3.39.24.237",
            "root_block_device": [
              {
                "delete_on_termination": true,
                "device_name": "/dev/sda1",
                "encrypted": false,
                "iops": 3000,
                "kms_key_id": "",
                "tags": null,
                "throughput": 125,
                "volume_id": "vol-0907081eaa8dc4912",
                "volume_size": 20,
                "volume_type": "gp3"
              }
            ],
            "secondary_private_ips": [],
            "security_groups": [
              "allow_ssh_training"
            ],
            "source_dest_check": true,
            "subnet_id": "subnet-09fc2af75e83ff516",
            "tags": {
              "Name": "TerrformTrainingInstance",
              "Type": "Training"
            },
            "tags_all": {
              "Course": "Terraform-3Day",
              "Environment": "Training",
              "ManagedBy": "Terraform",
              "Name": "TerrformTrainingInstance",
              "Type": "Training"
            },
            "tenancy": "default",
            "timeouts": null,
            "user_data": "adc90bbc8ba79e2647cb245e4b66dbdf84601b7f",
            "user_data_base64": null,
            "user_data_replace_on_change": false,
            "volume_tags": null,
            "vpc_security_group_ids": [
              "sg-0dc537dac564d2b3f"
            ]
          },
          "sensitive_attributes": [],
          "private": "eyJlMmJmYjczMC1lY2FhLTExZTYtOGY4OC0zNDM2M2JjN2M0YzAiOnsiY3JlYXRlIjo2MDAwMDAwMDAwMDAsImRlbGV0ZSI6MTIwMDAwMDAwMDAwMCwidXBkYXRlIjo2MDAwMDAwMDAwMDB9LCJzY2hlbWFfdmVyc2lvbiI6IjEifQ==",
          "dependencies": [
            "aws_security_group.allow_ssh"
          ]
        }
      ]
    },
    {
      "mode": "managed",
      "type": "aws_security_group",
      "name": "allow_ssh",
      "provider": "provider[\"registry.terraform.io/hashicorp/aws\"]",
      "instances": [
        {
          "schema_version": 1,
          "attributes": {
            "arn": "arn:aws:ec2:ap-northeast-2:017820689277:security-group/sg-0dc537dac564d2b3f",
            "description": "Allow SSH inbound traffic",
            "egress": [
              {
                "cidr_blocks": [
                  "0.0.0.0/0"
                ],
                "description": "Allow all outbound",
                "from_port": 0,
                "ipv6_cidr_blocks": [],
                "prefix_list_ids": [],
                "protocol": "-1",
                "security_groups": [],
                "self": false,
                "to_port": 0
              }
            ],
            "id": "sg-0dc537dac564d2b3f",
            "ingress": [
              {
                "cidr_blocks": [
                  "0.0.0.0/0"
                ],
                "description": "SSH from anywhere",
                "from_port": 22,
                "ipv6_cidr_blocks": [],
                "prefix_list_ids": [],
                "protocol": "tcp",
                "security_groups": [],
                "self": false,
                "to_port": 22
              }
            ],
            "name": "allow_ssh_training",
            "name_prefix": "",
            "owner_id": "017820689277",
            "revoke_rules_on_delete": false,
            "tags": {
              "Name": "allow_ssh_training"
            },
            "tags_all": {
              "Course": "Terraform-3Day",
              "Environment": "Training",
              "ManagedBy": "Terraform",
              "Name": "allow_ssh_training"
            },
            "timeouts": null,
            "vpc_id": "vpc-06789b0fecd77395e"
          },
          "sensitive_attributes": [],
          "private": "eyJlMmJmYjczMC1lY2FhLTExZTYtOGY4OC0zNDM2M2JjN2M0YzAiOnsiY3JlYXRlIjo2MDAwMDAwMDAwMDAsImRlbGV0ZSI6OTAwMDAwMDAwMDAwfSwic2NoZW1hX3ZlcnNpb24iOiIxIn0="
        }
      ]
    }
  ],
  "check_results": null
}
